// !$*UTF8*$!
{
	archiveVersion = 1;
	classes = {
	};
	objectVersion = 56;
	objects = {

/* Begin PBXBuildFile section */
		F8AE43F82A91652200F2A16D /* RealtimeChatApp.swift in Sources */ = {isa = PBXBuildFile; fileRef = F8AE43F72A91652200F2A16D /* RealtimeChatApp.swift */; };
		F8AE43FA2A91652200F2A16D /* LoginView.swift in Sources */ = {isa = PBXBuildFile; fileRef = F8AE43F92A91652200F2A16D /* LoginView.swift */; };
		F8AE43FC2A91652500F2A16D /* Assets.xcassets in Resources */ = {isa = PBXBuildFile; fileRef = F8AE43FB2A91652500F2A16D /* Assets.xcassets */; };
		F8AE44002A91652500F2A16D /* Preview Assets.xcassets in Resources */ = {isa = PBXBuildFile; fileRef = F8AE43FF2A91652500F2A16D /* Preview Assets.xcassets */; };
		F8AE44262A92E17300F2A16D /* FirebaseAuth in Frameworks */ = {isa = PBXBuildFile; productRef = F8AE44252A92E17300F2A16D /* FirebaseAuth */; };
		F8AE44282A92E17300F2A16D /* FirebaseStorage in Frameworks */ = {isa = PBXBuildFile; productRef = F8AE44272A92E17300F2A16D /* FirebaseStorage */; };
		F8CA250E2A92E9FB0018376A /* GoogleService-Info.plist in Resources */ = {isa = PBXBuildFile; fileRef = F8CA250D2A92E9FB0018376A /* GoogleService-Info.plist */; };
/* End PBXBuildFile section */

/* Begin PBXContainerItemProxy section */
		F8AE44062A91652600F2A16D /* PBXContainerItemProxy */ = {
			isa = PBXContainerItemProxy;
			containerPortal = F8AE43EC2A91652200F2A16D /* Project object */;
			proxyType = 1;
			remoteGlobalIDString = F8AE43F32A91652200F2A16D;
			remoteInfo = RealtimeChat;
		};
		F8AE44102A91652600F2A16D /* PBXContainerItemProxy */ = {
			isa = PBXContainerItemProxy;
			containerPortal = F8AE43EC2A91652200F2A16D /* Project object */;
			proxyType = 1;
			remoteGlobalIDString = F8AE43F32A91652200F2A16D;
			remoteInfo = RealtimeChat;
		};
/* End PBXContainerItemProxy section */

/* Begin PBXFileReference section */
		F8AE43F42A91652200F2A16D /* RealtimeChat.app */ = {isa = PBXFileReference; explicitFileType = wrapper.application; includeInIndex = 0; path = RealtimeChat.app; sourceTree = BUILT_PRODUCTS_DIR; };
		F8AE43F72A91652200F2A16D /* RealtimeChatApp.swift */ = {isa = PBXFileReference; lastKnownFileType = sourcecode.swift; path = RealtimeChatApp.swift; sourceTree = "<group>"; };
		F8AE43F92A91652200F2A16D /* LoginView.swift */ = {isa = PBXFileReference; lastKnownFileType = sourcecode.swift; path = LoginView.swift; sourceTree = "<group>"; };
		F8AE43FB2A91652500F2A16D /* Assets.xcassets */ = {isa = PBXFileReference; lastKnownFileType = folder.assetcatalog; path = Assets.xcassets; sourceTree = "<group>"; };
		F8AE43FD2A91652500F2A16D /* RealtimeChat.entitlements */ = {isa = PBXFileReference; lastKnownFileType = text.plist.entitlements; path = RealtimeChat.entitlements; sourceTree = "<group>"; };
		F8AE43FF2A91652500F2A16D /* Preview Assets.xcassets */ = {isa = PBXFileReference; lastKnownFileType = folder.assetcatalog; path = "Preview Assets.xcassets"; sourceTree = "<group>"; };
		F8AE44052A91652600F2A16D /* RealtimeChatTests.xctest */ = {isa = PBXFileReference; explicitFileType = wrapper.cfbundle; includeInIndex = 0; path = RealtimeChatTests.xctest; sourceTree = BUILT_PRODUCTS_DIR; };
		F8AE440F2A91652600F2A16D /* RealtimeChatUITests.xctest */ = {isa = PBXFileReference; explicitFileType = wrapper.cfbundle; includeInIndex = 0; path = RealtimeChatUITests.xctest; sourceTree = BUILT_PRODUCTS_DIR; };
		F8CA250D2A92E9FB0018376A /* GoogleService-Info.plist */ = {isa = PBXFileReference; fileEncoding = 4; lastKnownFileType = text.plist.xml; name = "GoogleService-Info.plist"; path = "../../../../../Downloads/GoogleService-Info.plist"; sourceTree = "<group>"; };
/* End PBXFileReference section */

/* Begin PBXFrameworksBuildPhase section */
		F8AE43F12A91652200F2A16D /* Frameworks */ = {
			isa = PBXFrameworksBuildPhase;
			buildActionMask = 2147483647;
			files = (
				F8AE44262A92E17300F2A16D /* FirebaseAuth in Frameworks */,
				F8AE44282A92E17300F2A16D /* FirebaseStorage in Frameworks */,
			);
			runOnlyForDeploymentPostprocessing = 0;
		};
		F8AE44022A91652600F2A16D /* Frameworks */ = {
			isa = PBXFrameworksBuildPhase;
			buildActionMask = 2147483647;
			files = (
			);
			runOnlyForDeploymentPostprocessing = 0;
		};
		F8AE440C2A91652600F2A16D /* Frameworks */ = {
			isa = PBXFrameworksBuildPhase;
			buildActionMask = 2147483647;
			files = (
			);
			runOnlyForDeploymentPostprocessing = 0;
		};
/* End PBXFrameworksBuildPhase section */

/* Begin PBXGroup section */
		F8AE43EB2A91652200F2A16D = {
			isa = PBXGroup;
			children = (
				F8AE43F62A91652200F2A16D /* RealtimeChat */,
				F8AE43F52A91652200F2A16D /* Products */,
			);
			sourceTree = "<group>";
		};
		F8AE43F52A91652200F2A16D /* Products */ = {
			isa = PBXGroup;
			children = (
				F8AE43F42A91652200F2A16D /* RealtimeChat.app */,
				F8AE44052A91652600F2A16D /* RealtimeChatTests.xctest */,
				F8AE440F2A91652600F2A16D /* RealtimeChatUITests.xctest */,
			);
			name = Products;
			sourceTree = "<group>";
		};
		F8AE43F62A91652200F2A16D /* RealtimeChat */ = {
			isa = PBXGroup;
			children = (
				F8AE43F72A91652200F2A16D /* RealtimeChatApp.swift */,
				F8AE43F92A91652200F2A16D /* LoginView.swift */,
				F8CA250D2A92E9FB0018376A /* GoogleService-Info.plist */,
				F8AE43FB2A91652500F2A16D /* Assets.xcassets */,
				F8AE43FD2A91652500F2A16D /* RealtimeChat.entitlements */,
				F8AE43FE2A91652500F2A16D /* Preview Content */,
			);
			path = RealtimeChat;
			sourceTree = "<group>";
		};
		F8AE43FE2A91652500F2A16D /* Preview Content */ = {
			isa = PBXGroup;
			children = (
				F8AE43FF2A91652500F2A16D /* Preview Assets.xcassets */,
			);
			path = "Preview Content";
			sourceTree = "<group>";
		};
/* End PBXGroup section */

/* Begin PBXNativeTarget section */
		F8AE43F32A91652200F2A16D /* RealtimeChat */ = {
			isa = PBXNativeTarget;
			buildConfigurationList = F8AE44192A91652600F2A16D /* Build configuration list for PBXNativeTarget "RealtimeChat" */;
			buildPhases = (
				F8AE43F02A91652200F2A16D /* Sources */,
				F8AE43F12A91652200F2A16D /* Frameworks */,
				F8AE43F22A91652200F2A16D /* Resources */,
			);
			buildRules = (
			);
			dependencies = (
			);
			name = RealtimeChat;
			packageProductDependencies = (
				F8AE44252A92E17300F2A16D /* FirebaseAuth */,
				F8AE44272A92E17300F2A16D /* FirebaseStorage */,
			);
			productName = RealtimeChat;
			productReference = F8AE43F42A91652200F2A16D /* RealtimeChat.app */;
			productType = "com.apple.product-type.application";
		};
		F8AE44042A91652600F2A16D /* RealtimeChatTests */ = {
			isa = PBXNativeTarget;
			buildConfigurationList = F8AE441C2A91652600F2A16D /* Build configuration list for PBXNativeTarget "RealtimeChatTests" */;
			buildPhases = (
				F8AE44012A91652600F2A16D /* Sources */,
				F8AE44022A91652600F2A16D /* Frameworks */,
				F8AE44032A91652600F2A16D /* Resources */,
			);
			buildRules = (
			);
			dependencies = (
				F8AE44072A91652600F2A16D /* PBXTargetDependency */,
			);
			name = RealtimeChatTests;
			productName = RealtimeChatTests;
			productReference = F8AE44052A91652600F2A16D /* RealtimeChatTests.xctest */;
			productType = "com.apple.product-type.bundle.unit-test";
		};
		F8AE440E2A91652600F2A16D /* RealtimeChatUITests */ = {
			isa = PBXNativeTarget;
			buildConfigurationList = F8AE441F2A91652600F2A16D /* Build configuration list for PBXNativeTarget "RealtimeChatUITests" */;
			buildPhases = (
				F8AE440B2A91652600F2A16D /* Sources */,
				F8AE440C2A91652600F2A16D /* Frameworks */,
				F8AE440D2A91652600F2A16D /* Resources */,
			);
			buildRules = (
			);
			dependencies = (
				F8AE44112A91652600F2A16D /* PBXTargetDependency */,
			);
			name = RealtimeChatUITests;
			productName = RealtimeChatUITests;
			productReference = F8AE440F2A91652600F2A16D /* RealtimeChatUITests.xctest */;
			productType = "com.apple.product-type.bundle.ui-testing";
		};
/* End PBXNativeTarget section */

/* Begin PBXProject section */
		F8AE43EC2A91652200F2A16D /* Project object */ = {
			isa = PBXProject;
			attributes = {
				BuildIndependentTargetsInParallel = 1;
				LastSwiftUpdateCheck = 1430;
				LastUpgradeCheck = 1430;
				TargetAttributes = {
					F8AE43F32A91652200F2A16D = {
						CreatedOnToolsVersion = 14.3.1;
					};
					F8AE44042A91652600F2A16D = {
						CreatedOnToolsVersion = 14.3.1;
						TestTargetID = F8AE43F32A91652200F2A16D;
					};
					F8AE440E2A91652600F2A16D = {
						CreatedOnToolsVersion = 14.3.1;
						TestTargetID = F8AE43F32A91652200F2A16D;
					};
				};
			};
			buildConfigurationList = F8AE43EF2A91652200F2A16D /* Build configuration list for PBXProject "RealtimeChat" */;
			compatibilityVersion = "Xcode 14.0";
			developmentRegion = en;
			hasScannedForEncodings = 0;
			knownRegions = (
				en,
				Base,
			);
			mainGroup = F8AE43EB2A91652200F2A16D;
			packageReferences = (
				F8AE44242A92E17300F2A16D /* XCRemoteSwiftPackageReference "firebase-ios-sdk" */,
			);
			productRefGroup = F8AE43F52A91652200F2A16D /* Products */;
			projectDirPath = "";
			projectRoot = "";
			targets = (
				F8AE43F32A91652200F2A16D /* RealtimeChat */,
				F8AE44042A91652600F2A16D /* RealtimeChatTests */,
				F8AE440E2A91652600F2A16D /* RealtimeChatUITests */,
			);
		};
/* End PBXProject section */

/* Begin PBXResourcesBuildPhase section */
		F8AE43F22A91652200F2A16D /* Resources */ = {
			isa = PBXResourcesBuildPhase;
			buildActionMask = 2147483647;
			files = (
				F8AE44002A91652500F2A16D /* Preview Assets.xcassets in Resources */,
				F8AE43FC2A91652500F2A16D /* Assets.xcassets in Resources */,
				F8CA250E2A92E9FB0018376A /* GoogleService-Info.plist in Resources */,
			);
			runOnlyForDeploymentPostprocessing = 0;
		};
		F8AE44032A91652600F2A16D /* Resources */ = {
			isa = PBXResourcesBuildPhase;
			buildActionMask = 2147483647;
			files = (
			);
			runOnlyForDeploymentPostprocessing = 0;
		};
		F8AE440D2A91652600F2A16D /* Resources */ = {
			isa = PBXResourcesBuildPhase;
			buildActionMask = 2147483647;
			files = (
			);
			runOnlyForDeploymentPostprocessing = 0;
		};
/* End PBXResourcesBuildPhase section */

/* Begin PBXSourcesBuildPhase section */
		F8AE43F02A91652200F2A16D /* Sources */ = {
			isa = PBXSourcesBuildPhase;
			buildActionMask = 2147483647;
			files = (
				F8AE43FA2A91652200F2A16D /* LoginView.swift in Sources */,
				F8AE43F82A91652200F2A16D /* RealtimeChatApp.swift in Sources */,
			);
			runOnlyForDeploymentPostprocessing = 0;
		};
		F8AE44012A91652600F2A16D /* Sources */ = {
			isa = PBXSourcesBuildPhase;
			buildActionMask = 2147483647;
			files = (
			);
			runOnlyForDeploymentPostprocessing = 0;
		};
		F8AE440B2A91652600F2A16D /* Sources */ = {
			isa = PBXSourcesBuildPhase;
			buildActionMask = 2147483647;
			files = (
			);
			runOnlyForDeploymentPostprocessing = 0;
		};
/* End PBXSourcesBuildPhase section */

/* Begin PBXTargetDependency section */
		F8AE44072A91652600F2A16D /* PBXTargetDependency */ = {
			isa = PBXTargetDependency;
			target = F8AE43F32A91652200F2A16D /* RealtimeChat */;
			targetProxy = F8AE44062A91652600F2A16D /* PBXContainerItemProxy */;
		};
		F8AE44112A91652600F2A16D /* PBXTargetDependency */ = {
			isa = PBXTargetDependency;
			target = F8AE43F32A91652200F2A16D /* RealtimeChat */;
			targetProxy = F8AE44102A91652600F2A16D /* PBXContainerItemProxy */;
		};
/* End PBXTargetDependency section */

/* Begin XCBuildConfiguration section */
		F8AE44172A91652600F2A16D /* Debug */ = {
			isa = XCBuildConfiguration;
			buildSettings = {
				ALWAYS_SEARCH_USER_PATHS = NO;
				CLANG_ANALYZER_NONNULL = YES;
				CLANG_ANALYZER_NUMBER_OBJECT_CONVERSION = YES_AGGRESSIVE;
				CLANG_CXX_LANGUAGE_STANDARD = "gnu++20";
				CLANG_ENABLE_MODULES = YES;
				CLANG_ENABLE_OBJC_ARC = YES;
				CLANG_ENABLE_OBJC_WEAK = YES;
				CLANG_WARN_BLOCK_CAPTURE_AUTORELEASING = YES;
				CLANG_WARN_BOOL_CONVERSION = YES;
				CLANG_WARN_COMMA = YES;
				CLANG_WARN_CONSTANT_CONVERSION = YES;
				CLANG_WARN_DEPRECATED_OBJC_IMPLEMENTATIONS = YES;
				CLANG_WARN_DIRECT_OBJC_ISA_USAGE = YES_ERROR;
				CLANG_WARN_DOCUMENTATION_COMMENTS = YES;
				CLANG_WARN_EMPTY_BODY = YES;
				CLANG_WARN_ENUM_CONVERSION = YES;
				CLANG_WARN_INFINITE_RECURSION = YES;
				CLANG_WARN_INT_CONVERSION = YES;
				CLANG_WARN_NON_LITERAL_NULL_CONVERSION = YES;
				CLANG_WARN_OBJC_IMPLICIT_RETAIN_SELF = YES;
				CLANG_WARN_OBJC_LITERAL_CONVERSION = YES;
				CLANG_WARN_OBJC_ROOT_CLASS = YES_ERROR;
				CLANG_WARN_QUOTED_INCLUDE_IN_FRAMEWORK_HEADER = YES;
				CLANG_WARN_RANGE_LOOP_ANALYSIS = YES;
				CLANG_WARN_STRICT_PROTOTYPES = YES;
				CLANG_WARN_SUSPICIOUS_MOVE = YES;
				CLANG_WARN_UNGUARDED_AVAILABILITY = YES_AGGRESSIVE;
				CLANG_WARN_UNREACHABLE_CODE = YES;
				CLANG_WARN__DUPLICATE_METHOD_MATCH = YES;
				COPY_PHASE_STRIP = NO;
				DEBUG_INFORMATION_FORMAT = dwarf;
				ENABLE_STRICT_OBJC_MSGSEND = YES;
				ENABLE_TESTABILITY = YES;
				GCC_C_LANGUAGE_STANDARD = gnu11;
				GCC_DYNAMIC_NO_PIC = NO;
				GCC_NO_COMMON_BLOCKS = YES;
				GCC_OPTIMIZATION_LEVEL = 0;
				GCC_PREPROCESSOR_DEFINITIONS = (
					"DEBUG=1",
					"$(inherited)",
				);
				GCC_WARN_64_TO_32_BIT_CONVERSION = YES;
				GCC_WARN_ABOUT_RETURN_TYPE = YES_ERROR;
				GCC_WARN_UNDECLARED_SELECTOR = YES;
				GCC_WARN_UNINITIALIZED_AUTOS = YES_AGGRESSIVE;
				GCC_WARN_UNUSED_FUNCTION = YES;
				GCC_WARN_UNUSED_VARIABLE = YES;
				MTL_ENABLE_DEBUG_INFO = INCLUDE_SOURCE;
				MTL_FAST_MATH = YES;
				ONLY_ACTIVE_ARCH = YES;
				SWIFT_ACTIVE_COMPILATION_CONDITIONS = DEBUG;
				SWIFT_OPTIMIZATION_LEVEL = "-Onone";
			};
			name = Debug;
		};
		F8AE44182A91652600F2A16D /* Release */ = {
			isa = XCBuildConfiguration;
			buildSettings = {
				ALWAYS_SEARCH_USER_PATHS = NO;
				CLANG_ANALYZER_NONNULL = YES;
				CLANG_ANALYZER_NUMBER_OBJECT_CONVERSION = YES_AGGRESSIVE;
				CLANG_CXX_LANGUAGE_STANDARD = "gnu++20";
				CLANG_ENABLE_MODULES = YES;
				CLANG_ENABLE_OBJC_ARC = YES;
				CLANG_ENABLE_OBJC_WEAK = YES;
				CLANG_WARN_BLOCK_CAPTURE_AUTORELEASING = YES;
				CLANG_WARN_BOOL_CONVERSION = YES;
				CLANG_WARN_COMMA = YES;
				CLANG_WARN_CONSTANT_CONVERSION = YES;
				CLANG_WARN_DEPRECATED_OBJC_IMPLEMENTATIONS = YES;
				CLANG_WARN_DIRECT_OBJC_ISA_USAGE = YES_ERROR;
				CLANG_WARN_DOCUMENTATION_COMMENTS = YES;
				CLANG_WARN_EMPTY_BODY = YES;
				CLANG_WARN_ENUM_CONVERSION = YES;
				CLANG_WARN_INFINITE_RECURSION = YES;
				CLANG_WARN_INT_CONVERSION = YES;
				CLANG_WARN_NON_LITERAL_NULL_CONVERSION = YES;
				CLANG_WARN_OBJC_IMPLICIT_RETAIN_SELF = YES;
				CLANG_WARN_OBJC_LITERAL_CONVERSION = YES;
				CLANG_WARN_OBJC_ROOT_CLASS = YES_ERROR;
				CLANG_WARN_QUOTED_INCLUDE_IN_FRAMEWORK_HEADER = YES;
				CLANG_WARN_RANGE_LOOP_ANALYSIS = YES;
				CLANG_WARN_STRICT_PROTOTYPES = YES;
				CLANG_WARN_SUSPICIOUS_MOVE = YES;
				CLANG_WARN_UNGUARDED_AVAILABILITY = YES_AGGRESSIVE;
				CLANG_WARN_UNREACHABLE_CODE = YES;
				CLANG_WARN__DUPLICATE_METHOD_MATCH = YES;
				COPY_PHASE_STRIP = NO;
				DEBUG_INFORMATION_FORMAT = "dwarf-with-dsym";
				ENABLE_NS_ASSERTIONS = NO;
				ENABLE_STRICT_OBJC_MSGSEND = YES;
				GCC_C_LANGUAGE_STANDARD = gnu11;
				GCC_NO_COMMON_BLOCKS = YES;
				GCC_WARN_64_TO_32_BIT_CONVERSION = YES;
				GCC_WARN_ABOUT_RETURN_TYPE = YES_ERROR;
				GCC_WARN_UNDECLARED_SELECTOR = YES;
				GCC_WARN_UNINITIALIZED_AUTOS = YES_AGGRESSIVE;
				GCC_WARN_UNUSED_FUNCTION = YES;
				GCC_WARN_UNUSED_VARIABLE = YES;
				MTL_ENABLE_DEBUG_INFO = NO;
				MTL_FAST_MATH = YES;
				SWIFT_COMPILATION_MODE = wholemodule;
				SWIFT_OPTIMIZATION_LEVEL = "-O";
			};
			name = Release;
		};
		F8AE441A2A91652600F2A16D /* Debug */ = {
			isa = XCBuildConfiguration;
			buildSettings = {
				ASSETCATALOG_COMPILER_APPICON_NAME = AppIcon;
				ASSETCATALOG_COMPILER_GLOBAL_ACCENT_COLOR_NAME = AccentColor;
				CODE_SIGN_ENTITLEMENTS = RealtimeChat/RealtimeChat.entitlements;
				CODE_SIGN_STYLE = Automatic;
				CURRENT_PROJECT_VERSION = 1;
				DEVELOPMENT_ASSET_PATHS = "\"RealtimeChat/Preview Content\"";
				ENABLE_PREVIEWS = YES;
				GENERATE_INFOPLIST_FILE = YES;
				"INFOPLIST_KEY_UIApplicationSceneManifest_Generation[sdk=iphoneos*]" = YES;
				"INFOPLIST_KEY_UIApplicationSceneManifest_Generation[sdk=iphonesimulator*]" = YES;
				"INFOPLIST_KEY_UIApplicationSupportsIndirectInputEvents[sdk=iphoneos*]" = YES;
				"INFOPLIST_KEY_UIApplicationSupportsIndirectInputEvents[sdk=iphonesimulator*]" = YES;
				"INFOPLIST_KEY_UILaunchScreen_Generation[sdk=iphoneos*]" = YES;
				"INFOPLIST_KEY_UILaunchScreen_Generation[sdk=iphonesimulator*]" = YES;
				"INFOPLIST_KEY_UIStatusBarStyle[sdk=iphoneos*]" = UIStatusBarStyleDefault;
				"INFOPLIST_KEY_UIStatusBarStyle[sdk=iphonesimulator*]" = UIStatusBarStyleDefault;
				INFOPLIST_KEY_UISupportedInterfaceOrientations_iPad = "UIInterfaceOrientationPortrait UIInterfaceOrientationPortraitUpsideDown UIInterfaceOrientationLandscapeLeft UIInterfaceOrientationLandscapeRight";
				INFOPLIST_KEY_UISupportedInterfaceOrientations_iPhone = "UIInterfaceOrientationPortrait UIInterfaceOrientationLandscapeLeft UIInterfaceOrientationLandscapeRight";
				IPHONEOS_DEPLOYMENT_TARGET = 16.4;
				LD_RUNPATH_SEARCH_PATHS = "@executable_path/Frameworks";
				"LD_RUNPATH_SEARCH_PATHS[sdk=macosx*]" = "@executable_path/../Frameworks";
				MACOSX_DEPLOYMENT_TARGET = 13.3;
				MARKETING_VERSION = 1.0;
				PRODUCT_BUNDLE_IDENTIFIER = alonsoapps.RealtimeChat;
				PRODUCT_NAME = "$(TARGET_NAME)";
				SDKROOT = auto;
				SUPPORTED_PLATFORMS = "iphoneos iphonesimulator macosx";
				SWIFT_EMIT_LOC_STRINGS = YES;
				SWIFT_VERSION = 5.0;
				TARGETED_DEVICE_FAMILY = "1,2";
			};
			name = Debug;
		};
		F8AE441B2A91652600F2A16D /* Release */ = {
			isa = XCBuildConfiguration;
			buildSettings = {
				ASSETCATALOG_COMPILER_APPICON_NAME = AppIcon;
				ASSETCATALOG_COMPILER_GLOBAL_ACCENT_COLOR_NAME = AccentColor;
				CODE_SIGN_ENTITLEMENTS = RealtimeChat/RealtimeChat.entitlements;
				CODE_SIGN_STYLE = Automatic;
				CURRENT_PROJECT_VERSION = 1;
				DEVELOPMENT_ASSET_PATHS = "\"RealtimeChat/Preview Content\"";
				ENABLE_PREVIEWS = YES;
				GENERATE_INFOPLIST_FILE = YES;
				"INFOPLIST_KEY_UIApplicationSceneManifest_Generation[sdk=iphoneos*]" = YES;
				"INFOPLIST_KEY_UIApplicationSceneManifest_Generation[sdk=iphonesimulator*]" = YES;
				"INFOPLIST_KEY_UIApplicationSupportsIndirectInputEvents[sdk=iphoneos*]" = YES;
				"INFOPLIST_KEY_UIApplicationSupportsIndirectInputEvents[sdk=iphonesimulator*]" = YES;
				"INFOPLIST_KEY_UILaunchScreen_Generation[sdk=iphoneos*]" = YES;
				"INFOPLIST_KEY_UILaunchScreen_Generation[sdk=iphonesimulator*]" = YES;
				"INFOPLIST_KEY_UIStatusBarStyle[sdk=iphoneos*]" = UIStatusBarStyleDefault;
				"INFOPLIST_KEY_UIStatusBarStyle[sdk=iphonesimulator*]" = UIStatusBarStyleDefault;
				INFOPLIST_KEY_UISupportedInterfaceOrientations_iPad = "UIInterfaceOrientationPortrait UIInterfaceOrientationPortraitUpsideDown UIInterfaceOrientationLandscapeLeft UIInterfaceOrientationLandscapeRight";
				INFOPLIST_KEY_UISupportedInterfaceOrientations_iPhone = "UIInterfaceOrientationPortrait UIInterfaceOrientationLandscapeLeft UIInterfaceOrientationLandscapeRight";
				IPHONEOS_DEPLOYMENT_TARGET = 16.4;
				LD_RUNPATH_SEARCH_PATHS = "@executable_path/Frameworks";
				"LD_RUNPATH_SEARCH_PATHS[sdk=macosx*]" = "@executable_path/../Frameworks";
				MACOSX_DEPLOYMENT_TARGET = 13.3;
				MARKETING_VERSION = 1.0;
				PRODUCT_BUNDLE_IDENTIFIER = alonsoapps.RealtimeChat;
				PRODUCT_NAME = "$(TARGET_NAME)";
				SDKROOT = auto;
				SUPPORTED_PLATFORMS = "iphoneos iphonesimulator macosx";
				SWIFT_EMIT_LOC_STRINGS = YES;
				SWIFT_VERSION = 5.0;
				TARGETED_DEVICE_FAMILY = "1,2";
			};
			name = Release;
		};
		F8AE441D2A91652600F2A16D /* Debug */ = {
			isa = XCBuildConfiguration;
			buildSettings = {
				ALWAYS_EMBED_SWIFT_STANDARD_LIBRARIES = YES;
				BUNDLE_LOADER = "$(TEST_HOST)";
				CODE_SIGN_STYLE = Automatic;
				CURRENT_PROJECT_VERSION = 1;
				GENERATE_INFOPLIST_FILE = YES;
				IPHONEOS_DEPLOYMENT_TARGET = 16.4;
				MACOSX_DEPLOYMENT_TARGET = 13.3;
				MARKETING_VERSION = 1.0;
				PRODUCT_BUNDLE_IDENTIFIER = alonsoapps.RealtimeChatTests;
				PRODUCT_NAME = "$(TARGET_NAME)";
				SDKROOT = auto;
				SUPPORTED_PLATFORMS = "iphoneos iphonesimulator macosx";
				SWIFT_EMIT_LOC_STRINGS = NO;
				SWIFT_VERSION = 5.0;
				TARGETED_DEVICE_FAMILY = "1,2";
				TEST_HOST = "$(BUILT_PRODUCTS_DIR)/RealtimeChat.app/$(BUNDLE_EXECUTABLE_FOLDER_PATH)/RealtimeChat";
			};
			name = Debug;
		};
		F8AE441E2A91652600F2A16D /* Release */ = {
			isa = XCBuildConfiguration;
			buildSettings = {
				ALWAYS_EMBED_SWIFT_STANDARD_LIBRARIES = YES;
				BUNDLE_LOADER = "$(TEST_HOST)";
				CODE_SIGN_STYLE = Automatic;
				CURRENT_PROJECT_VERSION = 1;
				GENERATE_INFOPLIST_FILE = YES;
				IPHONEOS_DEPLOYMENT_TARGET = 16.4;
				MACOSX_DEPLOYMENT_TARGET = 13.3;
				MARKETING_VERSION = 1.0;
				PRODUCT_BUNDLE_IDENTIFIER = alonsoapps.RealtimeChatTests;
				PRODUCT_NAME = "$(TARGET_NAME)";
				SDKROOT = auto;
				SUPPORTED_PLATFORMS = "iphoneos iphonesimulator macosx";
				SWIFT_EMIT_LOC_STRINGS = NO;
				SWIFT_VERSION = 5.0;
				TARGETED_DEVICE_FAMILY = "1,2";
				TEST_HOST = "$(BUILT_PRODUCTS_DIR)/RealtimeChat.app/$(BUNDLE_EXECUTABLE_FOLDER_PATH)/RealtimeChat";
			};
			name = Release;
		};
		F8AE44202A91652600F2A16D /* Debug */ = {
			isa = XCBuildConfiguration;
			buildSettings = {
				ALWAYS_EMBED_SWIFT_STANDARD_LIBRARIES = YES;
				CODE_SIGN_STYLE = Automatic;
				CURRENT_PROJECT_VERSION = 1;
				GENERATE_INFOPLIST_FILE = YES;
				IPHONEOS_DEPLOYMENT_TARGET = 16.4;
				MACOSX_DEPLOYMENT_TARGET = 13.3;
				MARKETING_VERSION = 1.0;
				PRODUCT_BUNDLE_IDENTIFIER = alonsoapps.RealtimeChatUITests;
				PRODUCT_NAME = "$(TARGET_NAME)";
				SDKROOT = auto;
				SUPPORTED_PLATFORMS = "iphoneos iphonesimulator macosx";
				SWIFT_EMIT_LOC_STRINGS = NO;
				SWIFT_VERSION = 5.0;
				TARGETED_DEVICE_FAMILY = "1,2";
				TEST_TARGET_NAME = RealtimeChat;
			};
			name = Debug;
		};
		F8AE44212A91652600F2A16D /* Release */ = {
			isa = XCBuildConfiguration;
			buildSettings = {
				ALWAYS_EMBED_SWIFT_STANDARD_LIBRARIES = YES;
				CODE_SIGN_STYLE = Automatic;
				CURRENT_PROJECT_VERSION = 1;
				GENERATE_INFOPLIST_FILE = YES;
				IPHONEOS_DEPLOYMENT_TARGET = 16.4;
				MACOSX_DEPLOYMENT_TARGET = 13.3;
				MARKETING_VERSION = 1.0;
				PRODUCT_BUNDLE_IDENTIFIER = alonsoapps.RealtimeChatUITests;
				PRODUCT_NAME = "$(TARGET_NAME)";
				SDKROOT = auto;
				SUPPORTED_PLATFORMS = "iphoneos iphonesimulator macosx";
				SWIFT_EMIT_LOC_STRINGS = NO;
				SWIFT_VERSION = 5.0;
				TARGETED_DEVICE_FAMILY = "1,2";
				TEST_TARGET_NAME = RealtimeChat;
			};
			name = Release;
		};
/* End XCBuildConfiguration section */

/* Begin XCConfigurationList section */
		F8AE43EF2A91652200F2A16D /* Build configuration list for PBXProject "RealtimeChat" */ = {
			isa = XCConfigurationList;
			buildConfigurations = (
				F8AE44172A91652600F2A16D /* Debug */,
				F8AE44182A91652600F2A16D /* Release */,
			);
			defaultConfigurationIsVisible = 0;
			defaultConfigurationName = Release;
		};
		F8AE44192A91652600F2A16D /* Build configuration list for PBXNativeTarget "RealtimeChat" */ = {
			isa = XCConfigurationList;
			buildConfigurations = (
				F8AE441A2A91652600F2A16D /* Debug */,
				F8AE441B2A91652600F2A16D /* Release */,
			);
			defaultConfigurationIsVisible = 0;
			defaultConfigurationName = Release;
		};
		F8AE441C2A91652600F2A16D /* Build configuration list for PBXNativeTarget "RealtimeChatTests" */ = {
			isa = XCConfigurationList;
			buildConfigurations = (
				F8AE441D2A91652600F2A16D /* Debug */,
				F8AE441E2A91652600F2A16D /* Release */,
			);
			defaultConfigurationIsVisible = 0;
			defaultConfigurationName = Release;
		};
		F8AE441F2A91652600F2A16D /* Build configuration list for PBXNativeTarget "RealtimeChatUITests" */ = {
			isa = XCConfigurationList;
			buildConfigurations = (
				F8AE44202A91652600F2A16D /* Debug */,
				F8AE44212A91652600F2A16D /* Release */,
			);
			defaultConfigurationIsVisible = 0;
			defaultConfigurationName = Release;
		};
/* End XCConfigurationList section */

/* Begin XCRemoteSwiftPackageReference section */
		F8AE44242A92E17300F2A16D /* XCRemoteSwiftPackageReference "firebase-ios-sdk" */ = {
			isa = XCRemoteSwiftPackageReference;
			repositoryURL = "https://github.com/firebase/firebase-ios-sdk";
			requirement = {
				kind = upToNextMajorVersion;
				minimumVersion = 10.0.0;
			};
		};
/* End XCRemoteSwiftPackageReference section */

/* Begin XCSwiftPackageProductDependency section */
		F8AE44252A92E17300F2A16D /* FirebaseAuth */ = {
			isa = XCSwiftPackageProductDependency;
			package = F8AE44242A92E17300F2A16D /* XCRemoteSwiftPackageReference "firebase-ios-sdk" */;
			productName = FirebaseAuth;
		};
		F8AE44272A92E17300F2A16D /* FirebaseStorage */ = {
			isa = XCSwiftPackageProductDependency;
			package = F8AE44242A92E17300F2A16D /* XCRemoteSwiftPackageReference "firebase-ios-sdk" */;
			productName = FirebaseStorage;
		};
/* End XCSwiftPackageProductDependency section */
	};
	rootObject = F8AE43EC2A91652200F2A16D /* Project object */;
}
